
Microsoft Visual Studio Solution File, Format Version 12.00
# Visual Studio Version 16
VisualStudioVersion = 16.0.37507.1
MinimumVisualStudioVersion = 10.0.40219.1
Project("{FAE04EC0-301F-11D3-BF4B-00C04F79EFBC}") = "Demo", "Demo\Demo.csproj", "{F85860E3-9639-4493-842C-A756DAF22036}"
EndProject
Global
	GlobalSection(SolutionConfigurationPlatforms) = preSolution
		Debug|Any CPU = Debug|Any CPU
		Release|Any CPU = Release|Any CPU
	EndGlobalSection
	GlobalSection(ProjectConfigurationPlatforms) = postSolution
		{F85860E3-9639-4493-842C-A756DAF22036}.Debug|Any CPU.ActiveCfg = Debug|Any CPU
		{F85860E3-9639-4493-842C-A756DAF22036}.Debug|Any CPU.Build.0 = Debug|Any CPU
		{F85860E3-9639-4493-842C-A756DAF22036}.Release|Any CPU.ActiveCfg = Release|Any CPU
		{F85860E3-9639-4493-842C-A756DAF22036}.Release|Any CPU.Build.0 = Release|Any CPU
	EndGlobalSection
	GlobalSection(SolutionProperties) = preSolution
		HideSolutionNode = FALSE
	EndGlobalSection
	GlobalSection(ExtensibilityGlobals) = postSolution
		SolutionGuid = {ABF47BE3-6EFA-4588-9274-D244C98E8534}
	EndGlobalSection
EndGlobal
