
Microsoft Visual Studio Solution File, Format Version 12.00
# Visual Studio Version 16
VisualStudioVersion = 16.0.37507.1
MinimumVisualStudioVersion = 10.0.40219.1
Project("{FAE04EC0-301F-11D3-BF4B-00C04F79EFBC}") = "Book Management System", "Book Management System\Book Management System.csproj", "{6B090ACF-0A42-4DBD-A0D0-EDE8230A8C5D}"
EndProject
Global
	GlobalSection(SolutionConfigurationPlatforms) = preSolution
		Debug|Any CPU = Debug|Any CPU
		Release|Any CPU = Release|Any CPU
	EndGlobalSection
	GlobalSection(ProjectConfigurationPlatforms) = postSolution
		{6B090ACF-0A42-4DBD-A0D0-EDE8230A8C5D}.Debug|Any CPU.ActiveCfg = Debug|Any CPU
		{6B090ACF-0A42-4DBD-A0D0-EDE8230A8C5D}.Debug|Any CPU.Build.0 = Debug|Any CPU
		{6B090ACF-0A42-4DBD-A0D0-EDE8230A8C5D}.Release|Any CPU.ActiveCfg = Release|Any CPU
		{6B090ACF-0A42-4DBD-A0D0-EDE8230A8C5D}.Release|Any CPU.Build.0 = Release|Any CPU
	EndGlobalSection
	GlobalSection(SolutionProperties) = preSolution
		HideSolutionNode = FALSE
	EndGlobalSection
	GlobalSection(ExtensibilityGlobals) = postSolution
		SolutionGuid = {ACF723EF-5323-4ACB-8A8C-28ADE180500D}
	EndGlobalSection
EndGlobal
